# This file is autogenerated, do not edit; changes may be undone by the next 'dep ensure'.


[[projects]]
  name = "github.com/Masterminds/sprig"
  packages = ["."]
  revision = "69011c0cd9b4d2e0733c4d9e2c8e2a5a0d0a2f2f"
  version = "2.8.0"

[[projects]]
  name = "github.com/MichaelTJones/walk"
  packages = ["."]
  revision = "3af09438b0ab0e8f296410bfa646a7e635ea1fc0"

[[projects]]
  name = "github.com/aokoli/goutils"
  packages = ["."]
  revision = "9c37978a95bd5c709a15883b6242714ea6709e64"

[[projects]]
  branch = "master"
  name = "github.com/axw/gocov"
  packages = [
    ".",
    "gocov",
    "gocov/internal/testflag",
    "gocovutil"
  ]
  revision = "3a69a0d2a4ef1f263e2d92b041a69593d6964fe8"

[[projects]]
  name = "github.com/davecgh/go-spew"
  packages = ["spew"]
  revision = "5215b55f46b2b919f50a1df0eaa5886afe4e3b3d"

[[projects]]
  branch = "master"
  name = "github.com/golang/lint"
  packages = [
    ".",
    "golint"
  ]
  revision = "ead987a65e5c7e053cf9633f9eac1f734f6b4fe3"

[[projects]]
  name = "github.com/howeyc/gopass"
  packages = ["."]
  revision = "66487b23f2880ba32e185121d2cd51a338ea069a"

[[projects]]
  name = "github.com/matm/gocov-html"
  packages = [
    ".",
    "cov"
  ]
  revision = "b72939949367438bf52c0cf976f22daa6777b509"
  version = "v1.1"

[[projects]]
  name = "github.com/mattn/go-colorable"
  packages = ["."]
  revision = "9056b7a9f2d1f2d96498d6d146acd1f9d5ed3d59"
  version = "v0.0.5"

[[projects]]
  name = "github.com/mattn/go-isatty"
  packages = ["."]
  revision = "56b76bdf51f7708750eac80fa38b952bb9f32639"

[[projects]]
  name = "github.com/mattn/goveralls"
  packages = ["."]
  revision = "b71a1e4855f87991aff01c2c833a75a07059c61c"
  version = "v0.0.2"

[[projects]]
  name = "github.com/mgutz/ansi"
  packages = ["."]
  revision = "c286dcecd19ff979eeb73ea444e479b903f2cfcb"

[[projects]]
  branch = "master"
  name = "github.com/mgutz/minimist"
  packages = ["."]
  revision = "39eb8cf573ca29344bd7d7e6ba4d7febdebd37a9"

[[projects]]
  name = "github.com/mgutz/str"
  packages = ["."]
  revision = "968bf66e3da857419e4f6e71b2d5c9ae95682dc4"
  version = "v1.2.0"

[[projects]]
  name = "github.com/mgutz/to"
  packages = ["."]
  revision = "2a0bcba0661696e339461f5efb2273f4459dd1b9"

[[projects]]
  name = "github.com/mitchellh/gox"
  packages = ["."]
  revision = "c9740af9c6574448fd48eb30a71f964014c7a837"
  version = "v0.4.0"

[[projects]]
  branch = "master"
  name = "github.com/mitchellh/iochan"
  packages = ["."]
  revision = "87b45ffd0e9581375c491fef3d32130bb15c5bd7"

[[projects]]
  name = "github.com/nozzle/throttler"
  packages = ["."]
  revision = "d9b45f19996c645d38c9266d1f5cf1990e930119"
  version = "v1.0"

[[projects]]
  name = "github.com/pmezard/go-difflib"
  packages = ["difflib"]
  revision = "d8ed2627bdf02c080bf22230dbb337003b7aba2d"

[[projects]]
  branch = "master"
  name = "github.com/ruedap/go-alfred"
  packages = ["."]
  revision = "43da5a9945937f63f00ecf71042ef4df295ce84d"

[[projects]]
  name = "github.com/satori/go.uuid"
  packages = ["."]
  revision = "879c5887cd475cd7864858769793b2ceb0d44feb"
  version = "v1.1.0"

[[projects]]
  name = "github.com/stretchr/testify"
  packages = ["assert"]
  revision = "d77da356e56a7428ad25149ca77381849a6a5232"

[[projects]]
  name = "github.com/urfave/cli"
  packages = ["."]
  revision = "1efa31f08b9333f1bd4882d61f9d668a70cd902e"
  version = "v1.18.0"

[[projects]]
  name = "golang.org/x/crypto"
  packages = ["ssh/terminal"]
  revision = "811831de4c4dd03a0b8737233af3b36852386373"

[[projects]]
  name = "golang.org/x/sys"
  packages = ["unix"]
  revision = "62bee037599929a6e9146f29d10dd5208c43507d"

[[projects]]
  branch = "master"
  name = "golang.org/x/tools"
  packages = [
    "cover",
    "go/gcexportdata",
    "go/gcimporter15",
    "go/types/typeutil"
  ]
  revision = "f8f2f88271bf2c23f28a09d288d26507a9503c97"

[[projects]]
  name = "gopkg.in/godo.v2"
  packages = [
    ".",
    "cmd/godo",
    "glob",
    "util",
    "watcher",
    "watcher/fswatch"
  ]
  revision = "b5fd2f0bef1ebe832e628cfad18ab1cc707f65a1"
  version = "v2.0.9"

[[projects]]
  name = "gopkg.in/yaml.v2"
  packages = ["."]
  revision = "a83829b6f1293c91addabc89d0571c246397bbf4"

[solve-meta]
  analyzer-name = "dep"
  analyzer-version = 1
  inputs-digest = "beca35cd51cb7bb93bad30cd6bef4dc67fd804d0d9e82e701e02df529fcfa9c5"
  solver-name = "gps-cdcl"
  solver-version = 1
